{
  "name": "@webaudiomodules/sdk-parammgr",
  "version": "0.0.1",
  "lockfileVersion": 1,
  "requires": true,
  "dependencies": {
    "@webaudiomodules/api": {
      "version": "github:fr0stbyter/api#72bffbbfafad9f6ea8bceb7dc7d7426a8c2f0140",
      "from": "github:fr0stbyter/api",
      "dev": true
    }
  }
}
